
Microsoft Visual Studio Solution File, Format Version 12.00
# Visual Studio Version 17
VisualStudioVersion = 17.4.33122.133
MinimumVisualStudioVersion = 10.0.40219.1
Project("{FAE04EC0-301F-11D3-BF4B-00C04F79EFBC}") = "Notepad_VisPR", "Notepad_VisPR\Notepad_VisPR.csproj", "{157A52A8-B0FD-4A53-96DB-0E7C0CD695DF}"
EndProject
Global
	GlobalSection(SolutionConfigurationPlatforms) = preSolution
		Debug|Any CPU = Debug|Any CPU
		Release|Any CPU = Release|Any CPU
	EndGlobalSection
	GlobalSection(ProjectConfigurationPlatforms) = postSolution
		{157A52A8-B0FD-4A53-96DB-0E7C0CD695DF}.Debug|Any CPU.ActiveCfg = Debug|Any CPU
		{157A52A8-B0FD-4A53-96DB-0E7C0CD695DF}.Debug|Any CPU.Build.0 = Debug|Any CPU
		{157A52A8-B0FD-4A53-96DB-0E7C0CD695DF}.Release|Any CPU.ActiveCfg = Release|Any CPU
		{157A52A8-B0FD-4A53-96DB-0E7C0CD695DF}.Release|Any CPU.Build.0 = Release|Any CPU
	EndGlobalSection
	GlobalSection(SolutionProperties) = preSolution
		HideSolutionNode = FALSE
	EndGlobalSection
	GlobalSection(ExtensibilityGlobals) = postSolution
		SolutionGuid = {F222BD5F-8A74-4926-9FA0-6A11220B02AD}
	EndGlobalSection
EndGlobal
