
Microsoft Visual Studio Solution File, Format Version 12.00
# Visual Studio Version 17
VisualStudioVersion = 17.4.33122.133
MinimumVisualStudioVersion = 10.0.40219.1
Project("{FAE04EC0-301F-11D3-BF4B-00C04F79EFBC}") = "Notepad_VP", "Notepad_VP\Notepad_VP.csproj", "{D1900178-4562-419F-A947-F6F4975CD4D1}"
EndProject
Global
	GlobalSection(SolutionConfigurationPlatforms) = preSolution
		Debug|Any CPU = Debug|Any CPU
		Release|Any CPU = Release|Any CPU
	EndGlobalSection
	GlobalSection(ProjectConfigurationPlatforms) = postSolution
		{D1900178-4562-419F-A947-F6F4975CD4D1}.Debug|Any CPU.ActiveCfg = Debug|Any CPU
		{D1900178-4562-419F-A947-F6F4975CD4D1}.Debug|Any CPU.Build.0 = Debug|Any CPU
		{D1900178-4562-419F-A947-F6F4975CD4D1}.Release|Any CPU.ActiveCfg = Release|Any CPU
		{D1900178-4562-419F-A947-F6F4975CD4D1}.Release|Any CPU.Build.0 = Release|Any CPU
	EndGlobalSection
	GlobalSection(SolutionProperties) = preSolution
		HideSolutionNode = FALSE
	EndGlobalSection
	GlobalSection(ExtensibilityGlobals) = postSolution
		SolutionGuid = {86D23DB2-EBE4-49D5-B915-C78BB499DAD9}
	EndGlobalSection
EndGlobal
